
Microsoft Visual Studio Solution File, Format Version 12.00
# Visual Studio Version 17
VisualStudioVersion = 17.4.33205.214
MinimumVisualStudioVersion = 10.0.40219.1
Project("{FAE04EC0-301F-11D3-BF4B-00C04F79EFBC}") = "Ejercicio 1", "Ejercicio 1\Ejercicio 1.csproj", "{0066C97C-1F81-4C38-91A7-0FBCE9C98594}"
EndProject
Project("{FAE04EC0-301F-11D3-BF4B-00C04F79EFBC}") = "Ejercicio 2", "Ejercicio 2\Ejercicio 2.csproj", "{389B6509-F84B-424E-9C5F-66AD9F33E292}"
EndProject
Project("{FAE04EC0-301F-11D3-BF4B-00C04F79EFBC}") = "Ejercicio 3", "Desafío 3\Ejercicio 3.csproj", "{1D1B7137-732A-4213-9D95-8104F3712BCF}"
EndProject
Global
	GlobalSection(SolutionConfigurationPlatforms) = preSolution
		Debug|Any CPU = Debug|Any CPU
		Release|Any CPU = Release|Any CPU
	EndGlobalSection
	GlobalSection(ProjectConfigurationPlatforms) = postSolution
		{0066C97C-1F81-4C38-91A7-0FBCE9C98594}.Debug|Any CPU.ActiveCfg = Debug|Any CPU
		{0066C97C-1F81-4C38-91A7-0FBCE9C98594}.Debug|Any CPU.Build.0 = Debug|Any CPU
		{0066C97C-1F81-4C38-91A7-0FBCE9C98594}.Release|Any CPU.ActiveCfg = Release|Any CPU
		{0066C97C-1F81-4C38-91A7-0FBCE9C98594}.Release|Any CPU.Build.0 = Release|Any CPU
		{389B6509-F84B-424E-9C5F-66AD9F33E292}.Debug|Any CPU.ActiveCfg = Debug|Any CPU
		{389B6509-F84B-424E-9C5F-66AD9F33E292}.Debug|Any CPU.Build.0 = Debug|Any CPU
		{389B6509-F84B-424E-9C5F-66AD9F33E292}.Release|Any CPU.ActiveCfg = Release|Any CPU
		{389B6509-F84B-424E-9C5F-66AD9F33E292}.Release|Any CPU.Build.0 = Release|Any CPU
		{1D1B7137-732A-4213-9D95-8104F3712BCF}.Debug|Any CPU.ActiveCfg = Debug|Any CPU
		{1D1B7137-732A-4213-9D95-8104F3712BCF}.Debug|Any CPU.Build.0 = Debug|Any CPU
		{1D1B7137-732A-4213-9D95-8104F3712BCF}.Release|Any CPU.ActiveCfg = Release|Any CPU
		{1D1B7137-732A-4213-9D95-8104F3712BCF}.Release|Any CPU.Build.0 = Release|Any CPU
	EndGlobalSection
	GlobalSection(SolutionProperties) = preSolution
		HideSolutionNode = FALSE
	EndGlobalSection
	GlobalSection(ExtensibilityGlobals) = postSolution
		SolutionGuid = {98C2C2F8-9252-4EB8-87E8-65F60AFE9179}
	EndGlobalSection
EndGlobal
