
Microsoft Visual Studio Solution File, Format Version 12.00
# Visual Studio Version 17
VisualStudioVersion = 17.4.33205.214
MinimumVisualStudioVersion = 10.0.40219.1
Project("{FAE04EC0-301F-11D3-BF4B-00C04F79EFBC}") = "Ejercicio 1", "Ejercicio 1\Ejercicio 1.csproj", "{74666A23-5E66-4233-B9C6-7CF58965857B}"
EndProject
Project("{FAE04EC0-301F-11D3-BF4B-00C04F79EFBC}") = "Ejercicio 2", "Ejercicio 2\Ejercicio 2.csproj", "{CFF3583C-771C-4562-B931-03167BC870D7}"
EndProject
Project("{FAE04EC0-301F-11D3-BF4B-00C04F79EFBC}") = "Ejercicio 3", "Ejercicio 3\Ejercicio 3.csproj", "{5DF245BC-0FE1-4B16-80BF-7FF498335E9F}"
EndProject
Global
	GlobalSection(SolutionConfigurationPlatforms) = preSolution
		Debug|Any CPU = Debug|Any CPU
		Release|Any CPU = Release|Any CPU
	EndGlobalSection
	GlobalSection(ProjectConfigurationPlatforms) = postSolution
		{74666A23-5E66-4233-B9C6-7CF58965857B}.Debug|Any CPU.ActiveCfg = Debug|Any CPU
		{74666A23-5E66-4233-B9C6-7CF58965857B}.Debug|Any CPU.Build.0 = Debug|Any CPU
		{74666A23-5E66-4233-B9C6-7CF58965857B}.Release|Any CPU.ActiveCfg = Release|Any CPU
		{74666A23-5E66-4233-B9C6-7CF58965857B}.Release|Any CPU.Build.0 = Release|Any CPU
		{CFF3583C-771C-4562-B931-03167BC870D7}.Debug|Any CPU.ActiveCfg = Debug|Any CPU
		{CFF3583C-771C-4562-B931-03167BC870D7}.Debug|Any CPU.Build.0 = Debug|Any CPU
		{CFF3583C-771C-4562-B931-03167BC870D7}.Release|Any CPU.ActiveCfg = Release|Any CPU
		{CFF3583C-771C-4562-B931-03167BC870D7}.Release|Any CPU.Build.0 = Release|Any CPU
		{5DF245BC-0FE1-4B16-80BF-7FF498335E9F}.Debug|Any CPU.ActiveCfg = Debug|Any CPU
		{5DF245BC-0FE1-4B16-80BF-7FF498335E9F}.Debug|Any CPU.Build.0 = Debug|Any CPU
		{5DF245BC-0FE1-4B16-80BF-7FF498335E9F}.Release|Any CPU.ActiveCfg = Release|Any CPU
		{5DF245BC-0FE1-4B16-80BF-7FF498335E9F}.Release|Any CPU.Build.0 = Release|Any CPU
	EndGlobalSection
	GlobalSection(SolutionProperties) = preSolution
		HideSolutionNode = FALSE
	EndGlobalSection
	GlobalSection(ExtensibilityGlobals) = postSolution
		SolutionGuid = {EE137023-8525-4F8C-ADBE-FC11CC2FF68B}
	EndGlobalSection
EndGlobal
